{
  "name": "tree-sitter-hurl",
  "version": "1.0.0",
  "lockfileVersion": 2,
  "requires": true,
  "packages": {
    "": {
      "name": "tree-sitter-hurl",
      "version": "1.0.0",
      "license": "MIT",
      "dependencies": {
        "nan": "^2.16.0"
      },
      "devDependencies": {
        "husky": "^8.0.1",
        "rome": "^0.9.2-next",
        "tree-sitter-cli": "^0.20.7"
      }
    },
    "node_modules/@rometools/cli-darwin-arm64": {
      "version": "0.9.2-next",
      "resolved": "https://registry.npmjs.org/@rometools/cli-darwin-arm64/-/cli-darwin-arm64-0.9.2-next.tgz",
      "integrity": "sha512-7i/3sRwCsz5QzGarYpiggInciSO99mH2Qx3LZ8Mf+ia1jPWBaVtGiN+GimFZEcFnYhJ6EXMNYlAuX1nJyaRSVQ==",
      "cpu": [
        "arm64"
      ],
      "dev": true,
      "optional": true,
      "os": [
        "darwin"
      ]
    },
    "node_modules/@rometools/cli-darwin-x64": {
      "version": "0.9.2-next",
      "resolved": "https://registry.npmjs.org/@rometools/cli-darwin-x64/-/cli-darwin-x64-0.9.2-next.tgz",
      "integrity": "sha512-Sy0cgqW86PT0TuyAgNHpalRXrKM5WZPnDtHKVS2QXA5Ad01dhQxPHl5SiF12ussJztHWjWDmMKAso/Uopz8ENw==",
      "cpu": [
        "x64"
      ],
      "dev": true,
      "optional": true,
      "os": [
        "darwin"
      ]
    },
    "node_modules/@rometools/cli-linux-arm64": {
      "version": "0.9.2-next",
      "resolved": "https://registry.npmjs.org/@rometools/cli-linux-arm64/-/cli-linux-arm64-0.9.2-next.tgz",
      "integrity": "sha512-WdhmT4sx1iGbjME8krEsYLmkgzJlNwv9yEjwIyhpAe87QngYF4w7KwdZeCAp28jkI8cp5vGYjTAHtbARRMUAcQ==",
      "cpu": [
        "arm64"
      ],
      "dev": true,
      "optional": true,
      "os": [
        "linux"
      ]
    },
    "node_modules/@rometools/cli-linux-x64": {
      "version": "0.9.2-next",
      "resolved": "https://registry.npmjs.org/@rometools/cli-linux-x64/-/cli-linux-x64-0.9.2-next.tgz",
      "integrity": "sha512-Pgq0srYfXqgZ/Zlv2a3BzHhh+dewddWRrSWqqhjxcLLEm5IPVqfVmq0fUbNMZYm9M7DOJbUmcMdU6lPFdV044w==",
      "cpu": [
        "x64"
      ],
      "dev": true,
      "optional": true,
      "os": [
        "linux"
      ]
    },
    "node_modules/@rometools/cli-win32-arm64": {
      "version": "0.9.2-next",
      "resolved": "https://registry.npmjs.org/@rometools/cli-win32-arm64/-/cli-win32-arm64-0.9.2-next.tgz",
      "integrity": "sha512-6+5R/IzJKxIXMefjQ03/5D+fKBSsynV9LvF3Ovtr0vsSfA3SdjRfsOlkH/bPOrWcLT96Fkdq8ATWd5Ah2NBQ6A==",
      "cpu": [
        "arm64"
      ],
      "dev": true,
      "optional": true,
      "os": [
        "win32"
      ]
    },
    "node_modules/@rometools/cli-win32-x64": {
      "version": "0.9.2-next",
      "resolved": "https://registry.npmjs.org/@rometools/cli-win32-x64/-/cli-win32-x64-0.9.2-next.tgz",
      "integrity": "sha512-cFg4mGdkWcVajk+mKWjt5g/RBaxvCrJ8qBseLSIWEh8jHfpSTbOFc5Z/Mkv7QY1WWOEUBr0bX71iqZqfh3jfOA==",
      "cpu": [
        "x64"
      ],
      "dev": true,
      "optional": true,
      "os": [
        "win32"
      ]
    },
    "node_modules/@rometools/wasm-bundler": {
      "version": "0.9.2-next",
      "resolved": "https://registry.npmjs.org/@rometools/wasm-bundler/-/wasm-bundler-0.9.2-next.tgz",
      "integrity": "sha512-sa2rpam4spyijJMGfqrxttN8QX67OyZjAb+JyFB5FGfNvd075nFdTBSuM177tgbbSwmt3n2MY23EV1aCLiGTmg==",
      "dev": true,
      "optional": true
    },
    "node_modules/@rometools/wasm-nodejs": {
      "version": "0.9.2-next",
      "resolved": "https://registry.npmjs.org/@rometools/wasm-nodejs/-/wasm-nodejs-0.9.2-next.tgz",
      "integrity": "sha512-yUTxjYZfrqXQrszRUVK/lUfRJOD5g9wfZXeRBJ4FJllGCy1CvwwR9bS09oSLIZd8zMCC02XMBBW+OZJ1b6rZrA==",
      "dev": true,
      "optional": true
    },
    "node_modules/@rometools/wasm-web": {
      "version": "0.9.2-next",
      "resolved": "https://registry.npmjs.org/@rometools/wasm-web/-/wasm-web-0.9.2-next.tgz",
      "integrity": "sha512-iZpgD4n5f2tMeSwlF50k/d8RGBkdoi7wX9YtYTXFks7mN3Z5OU7IHC1LvY28yAv0EELwMFYaaZIvhIs0jozzKw==",
      "dev": true,
      "optional": true
    },
    "node_modules/husky": {
      "version": "8.0.1",
      "resolved": "https://registry.npmjs.org/husky/-/husky-8.0.1.tgz",
      "integrity": "sha512-xs7/chUH/CKdOCs7Zy0Aev9e/dKOMZf3K1Az1nar3tzlv0jfqnYtu235bstsWTmXOR0EfINrPa97yy4Lz6RiKw==",
      "dev": true,
      "bin": {
        "husky": "lib/bin.js"
      },
      "engines": {
        "node": ">=14"
      },
      "funding": {
        "url": "https://github.com/sponsors/typicode"
      }
    },
    "node_modules/nan": {
      "version": "2.16.0",
      "resolved": "https://registry.npmjs.org/nan/-/nan-2.16.0.tgz",
      "integrity": "sha512-UdAqHyFngu7TfQKsCBgAA6pWDkT8MAO7d0jyOecVhN5354xbLqdn8mV9Tat9gepAupm0bt2DbeaSC8vS52MuFA=="
    },
    "node_modules/rome": {
      "version": "0.9.2-next",
      "resolved": "https://registry.npmjs.org/rome/-/rome-0.9.2-next.tgz",
      "integrity": "sha512-ppc7Jg3oZfmVXvs28OynJBWa26dy8201QNH3vY8RlfdzxblLOb9+ovPgcmwceSURZMNz/HS+aTpuHW8T06ciHA==",
      "dev": true,
      "hasInstallScript": true,
      "bin": {
        "rome": "bin/rome"
      },
      "engines": {
        "node": ">=14.*"
      },
      "optionalDependencies": {
        "@rometools/cli-darwin-arm64": "0.9.2-next",
        "@rometools/cli-darwin-x64": "0.9.2-next",
        "@rometools/cli-linux-arm64": "0.9.2-next",
        "@rometools/cli-linux-x64": "0.9.2-next",
        "@rometools/cli-win32-arm64": "0.9.2-next",
        "@rometools/cli-win32-x64": "0.9.2-next",
        "@rometools/wasm-bundler": "0.9.2-next",
        "@rometools/wasm-nodejs": "0.9.2-next",
        "@rometools/wasm-web": "0.9.2-next"
      }
    },
    "node_modules/tree-sitter-cli": {
      "version": "0.20.7",
      "resolved": "https://registry.npmjs.org/tree-sitter-cli/-/tree-sitter-cli-0.20.7.tgz",
      "integrity": "sha512-MHABT8oCPr4D0fatsPo6ATQ9H4h9vHpPRjlxkxJs80tpfAEKGn6A1zU3eqfCKBcgmfZDe9CiL3rKOGMzYHwA3w==",
      "dev": true,
      "hasInstallScript": true,
      "bin": {
        "tree-sitter": "cli.js"
      }
    }
  },
  "dependencies": {
    "@rometools/cli-darwin-arm64": {
      "version": "0.9.2-next",
      "resolved": "https://registry.npmjs.org/@rometools/cli-darwin-arm64/-/cli-darwin-arm64-0.9.2-next.tgz",
      "integrity": "sha512-7i/3sRwCsz5QzGarYpiggInciSO99mH2Qx3LZ8Mf+ia1jPWBaVtGiN+GimFZEcFnYhJ6EXMNYlAuX1nJyaRSVQ==",
      "dev": true,
      "optional": true
    },
    "@rometools/cli-darwin-x64": {
      "version": "0.9.2-next",
      "resolved": "https://registry.npmjs.org/@rometools/cli-darwin-x64/-/cli-darwin-x64-0.9.2-next.tgz",
      "integrity": "sha512-Sy0cgqW86PT0TuyAgNHpalRXrKM5WZPnDtHKVS2QXA5Ad01dhQxPHl5SiF12ussJztHWjWDmMKAso/Uopz8ENw==",
      "dev": true,
      "optional": true
    },
    "@rometools/cli-linux-arm64": {
      "version": "0.9.2-next",
      "resolved": "https://registry.npmjs.org/@rometools/cli-linux-arm64/-/cli-linux-arm64-0.9.2-next.tgz",
      "integrity": "sha512-WdhmT4sx1iGbjME8krEsYLmkgzJlNwv9yEjwIyhpAe87QngYF4w7KwdZeCAp28jkI8cp5vGYjTAHtbARRMUAcQ==",
      "dev": true,
      "optional": true
    },
    "@rometools/cli-linux-x64": {
      "version": "0.9.2-next",
      "resolved": "https://registry.npmjs.org/@rometools/cli-linux-x64/-/cli-linux-x64-0.9.2-next.tgz",
      "integrity": "sha512-Pgq0srYfXqgZ/Zlv2a3BzHhh+dewddWRrSWqqhjxcLLEm5IPVqfVmq0fUbNMZYm9M7DOJbUmcMdU6lPFdV044w==",
      "dev": true,
      "optional": true
    },
    "@rometools/cli-win32-arm64": {
      "version": "0.9.2-next",
      "resolved": "https://registry.npmjs.org/@rometools/cli-win32-arm64/-/cli-win32-arm64-0.9.2-next.tgz",
      "integrity": "sha512-6+5R/IzJKxIXMefjQ03/5D+fKBSsynV9LvF3Ovtr0vsSfA3SdjRfsOlkH/bPOrWcLT96Fkdq8ATWd5Ah2NBQ6A==",
      "dev": true,
      "optional": true
    },
    "@rometools/cli-win32-x64": {
      "version": "0.9.2-next",
      "resolved": "https://registry.npmjs.org/@rometools/cli-win32-x64/-/cli-win32-x64-0.9.2-next.tgz",
      "integrity": "sha512-cFg4mGdkWcVajk+mKWjt5g/RBaxvCrJ8qBseLSIWEh8jHfpSTbOFc5Z/Mkv7QY1WWOEUBr0bX71iqZqfh3jfOA==",
      "dev": true,
      "optional": true
    },
    "@rometools/wasm-bundler": {
      "version": "0.9.2-next",
      "resolved": "https://registry.npmjs.org/@rometools/wasm-bundler/-/wasm-bundler-0.9.2-next.tgz",
      "integrity": "sha512-sa2rpam4spyijJMGfqrxttN8QX67OyZjAb+JyFB5FGfNvd075nFdTBSuM177tgbbSwmt3n2MY23EV1aCLiGTmg==",
      "dev": true,
      "optional": true
    },
    "@rometools/wasm-nodejs": {
      "version": "0.9.2-next",
      "resolved": "https://registry.npmjs.org/@rometools/wasm-nodejs/-/wasm-nodejs-0.9.2-next.tgz",
      "integrity": "sha512-yUTxjYZfrqXQrszRUVK/lUfRJOD5g9wfZXeRBJ4FJllGCy1CvwwR9bS09oSLIZd8zMCC02XMBBW+OZJ1b6rZrA==",
      "dev": true,
      "optional": true
    },
    "@rometools/wasm-web": {
      "version": "0.9.2-next",
      "resolved": "https://registry.npmjs.org/@rometools/wasm-web/-/wasm-web-0.9.2-next.tgz",
      "integrity": "sha512-iZpgD4n5f2tMeSwlF50k/d8RGBkdoi7wX9YtYTXFks7mN3Z5OU7IHC1LvY28yAv0EELwMFYaaZIvhIs0jozzKw==",
      "dev": true,
      "optional": true
    },
    "husky": {
      "version": "8.0.1",
      "resolved": "https://registry.npmjs.org/husky/-/husky-8.0.1.tgz",
      "integrity": "sha512-xs7/chUH/CKdOCs7Zy0Aev9e/dKOMZf3K1Az1nar3tzlv0jfqnYtu235bstsWTmXOR0EfINrPa97yy4Lz6RiKw==",
      "dev": true
    },
    "nan": {
      "version": "2.16.0",
      "resolved": "https://registry.npmjs.org/nan/-/nan-2.16.0.tgz",
      "integrity": "sha512-UdAqHyFngu7TfQKsCBgAA6pWDkT8MAO7d0jyOecVhN5354xbLqdn8mV9Tat9gepAupm0bt2DbeaSC8vS52MuFA=="
    },
    "rome": {
      "version": "0.9.2-next",
      "resolved": "https://registry.npmjs.org/rome/-/rome-0.9.2-next.tgz",
      "integrity": "sha512-ppc7Jg3oZfmVXvs28OynJBWa26dy8201QNH3vY8RlfdzxblLOb9+ovPgcmwceSURZMNz/HS+aTpuHW8T06ciHA==",
      "dev": true,
      "requires": {
        "@rometools/cli-darwin-arm64": "0.9.2-next",
        "@rometools/cli-darwin-x64": "0.9.2-next",
        "@rometools/cli-linux-arm64": "0.9.2-next",
        "@rometools/cli-linux-x64": "0.9.2-next",
        "@rometools/cli-win32-arm64": "0.9.2-next",
        "@rometools/cli-win32-x64": "0.9.2-next",
        "@rometools/wasm-bundler": "0.9.2-next",
        "@rometools/wasm-nodejs": "0.9.2-next",
        "@rometools/wasm-web": "0.9.2-next"
      }
    },
    "tree-sitter-cli": {
      "version": "0.20.7",
      "resolved": "https://registry.npmjs.org/tree-sitter-cli/-/tree-sitter-cli-0.20.7.tgz",
      "integrity": "sha512-MHABT8oCPr4D0fatsPo6ATQ9H4h9vHpPRjlxkxJs80tpfAEKGn6A1zU3eqfCKBcgmfZDe9CiL3rKOGMzYHwA3w==",
      "dev": true
    }
  }
}
